
Microsoft Visual Studio Solution File, Format Version 12.00
Project("{FAE04EC0-301F-11D3-BF4B-00C04F79EFBC}") = "Travis_test_API", "Travis_test_API\Travis_test_API.csproj", "{585A4CB8-1966-4330-AC21-01FB9093953A}"
EndProject
Project("{FAE04EC0-301F-11D3-BF4B-00C04F79EFBC}") = "Travis_test_test", "Travis_test_test\Travis_test_test.csproj", "{0EE9AF7D-DB6E-414A-AE35-239D587066E5}"
EndProject
Global
	GlobalSection(SolutionConfigurationPlatforms) = preSolution
		Debug|Any CPU = Debug|Any CPU
		Release|Any CPU = Release|Any CPU
	EndGlobalSection
	GlobalSection(ProjectConfigurationPlatforms) = postSolution
		{585A4CB8-1966-4330-AC21-01FB9093953A}.Debug|Any CPU.ActiveCfg = Debug|Any CPU
		{585A4CB8-1966-4330-AC21-01FB9093953A}.Debug|Any CPU.Build.0 = Debug|Any CPU
		{585A4CB8-1966-4330-AC21-01FB9093953A}.Release|Any CPU.ActiveCfg = Release|Any CPU
		{585A4CB8-1966-4330-AC21-01FB9093953A}.Release|Any CPU.Build.0 = Release|Any CPU
		{0EE9AF7D-DB6E-414A-AE35-239D587066E5}.Debug|Any CPU.ActiveCfg = Debug|Any CPU
		{0EE9AF7D-DB6E-414A-AE35-239D587066E5}.Debug|Any CPU.Build.0 = Debug|Any CPU
		{0EE9AF7D-DB6E-414A-AE35-239D587066E5}.Release|Any CPU.ActiveCfg = Release|Any CPU
		{0EE9AF7D-DB6E-414A-AE35-239D587066E5}.Release|Any CPU.Build.0 = Release|Any CPU
	EndGlobalSection
EndGlobal
